
Microsoft Visual Studio Solution File, Format Version 12.00
# Visual Studio Version 16
VisualStudioVersion = 16.0.30128.74
MinimumVisualStudioVersion = 10.0.40219.1
Project("{FAE04EC0-301F-11D3-BF4B-00C04F79EFBC}") = "FrameRateIndependenceChecker", "FrameRateIndependenceChecker\FrameRateIndependenceChecker.csproj", "{C0C92DB7-E1F7-47CF-9EEE-802CB030FFE0}"
EndProject
Global
	GlobalSection(SolutionConfigurationPlatforms) = preSolution
		Debug|Any CPU = Debug|Any CPU
		Release|Any CPU = Release|Any CPU
	EndGlobalSection
	GlobalSection(ProjectConfigurationPlatforms) = postSolution
		{C0C92DB7-E1F7-47CF-9EEE-802CB030FFE0}.Debug|Any CPU.ActiveCfg = Debug|Any CPU
		{C0C92DB7-E1F7-47CF-9EEE-802CB030FFE0}.Debug|Any CPU.Build.0 = Debug|Any CPU
		{C0C92DB7-E1F7-47CF-9EEE-802CB030FFE0}.Release|Any CPU.ActiveCfg = Release|Any CPU
		{C0C92DB7-E1F7-47CF-9EEE-802CB030FFE0}.Release|Any CPU.Build.0 = Release|Any CPU
	EndGlobalSection
	GlobalSection(SolutionProperties) = preSolution
		HideSolutionNode = FALSE
	EndGlobalSection
	GlobalSection(ExtensibilityGlobals) = postSolution
		SolutionGuid = {D9D2E191-D5D6-4FF1-8E15-875FC82BDC0B}
	EndGlobalSection
EndGlobal
